
Microsoft Visual Studio Solution File, Format Version 12.00
# Visual Studio Version 17
VisualStudioVersion = 17.0.31903.59
MinimumVisualStudioVersion = 10.0.40219.1
Project("{2150E333-8FDC-42A3-9474-1A3956D46DE8}") = "src", "src", "{24421745-E1F0-4434-80E5-10A5A8D838D3}"
EndProject
Project("{FAE04EC0-301F-11D3-BF4B-00C04F79EFBC}") = "Semble", "src\Semble\Semble.csproj", "{6EEED4F5-3E54-47FF-B321-376A0345E859}"
EndProject
Project("{2150E333-8FDC-42A3-9474-1A3956D46DE8}") = "tests", "tests", "{5CEC9791-48C2-46B8-9BE4-969F0C620CA7}"
EndProject
Project("{FAE04EC0-301F-11D3-BF4B-00C04F79EFBC}") = "Semble.Tests", "tests\Semble.Tests\Semble.Tests.csproj", "{9D8833D4-7675-44F5-BC1D-393B7621D82A}"
EndProject
Project("{FAE04EC0-301F-11D3-BF4B-00C04F79EFBC}") = "Semble.Cli", "src\Semble.Cli\Semble.Cli.csproj", "{3BB9A97B-B7C4-474D-B29C-B04926FF0C8B}"
EndProject
Project("{FAE04EC0-301F-11D3-BF4B-00C04F79EFBC}") = "Semble.Cli.Tests", "tests\Semble.Cli.Tests\Semble.Cli.Tests.csproj", "{6BEA74AC-941A-4DC6-A38D-46048A84E362}"
EndProject
Project("{FAE04EC0-301F-11D3-BF4B-00C04F79EFBC}") = "Semble.Mcp", "src\Semble.Mcp\Semble.Mcp.csproj", "{3ACFA137-D9C1-4A1C-9A3B-6A60EB9B0183}"
EndProject
Project("{FAE04EC0-301F-11D3-BF4B-00C04F79EFBC}") = "Semble.Mcp.Tests", "tests\Semble.Mcp.Tests\Semble.Mcp.Tests.csproj", "{143D5E16-735B-4185-9D29-791E25A5E904}"
EndProject
Global
	GlobalSection(SolutionConfigurationPlatforms) = preSolution
		Debug|Any CPU = Debug|Any CPU
		Release|Any CPU = Release|Any CPU
	EndGlobalSection
	GlobalSection(SolutionProperties) = preSolution
		HideSolutionNode = FALSE
	EndGlobalSection
	GlobalSection(ProjectConfigurationPlatforms) = postSolution
		{6EEED4F5-3E54-47FF-B321-376A0345E859}.Debug|Any CPU.ActiveCfg = Debug|Any CPU
		{6EEED4F5-3E54-47FF-B321-376A0345E859}.Debug|Any CPU.Build.0 = Debug|Any CPU
		{6EEED4F5-3E54-47FF-B321-376A0345E859}.Release|Any CPU.ActiveCfg = Release|Any CPU
		{6EEED4F5-3E54-47FF-B321-376A0345E859}.Release|Any CPU.Build.0 = Release|Any CPU
		{9D8833D4-7675-44F5-BC1D-393B7621D82A}.Debug|Any CPU.ActiveCfg = Debug|Any CPU
		{9D8833D4-7675-44F5-BC1D-393B7621D82A}.Debug|Any CPU.Build.0 = Debug|Any CPU
		{9D8833D4-7675-44F5-BC1D-393B7621D82A}.Release|Any CPU.ActiveCfg = Release|Any CPU
		{9D8833D4-7675-44F5-BC1D-393B7621D82A}.Release|Any CPU.Build.0 = Release|Any CPU
		{3BB9A97B-B7C4-474D-B29C-B04926FF0C8B}.Debug|Any CPU.ActiveCfg = Debug|Any CPU
		{3BB9A97B-B7C4-474D-B29C-B04926FF0C8B}.Debug|Any CPU.Build.0 = Debug|Any CPU
		{3BB9A97B-B7C4-474D-B29C-B04926FF0C8B}.Release|Any CPU.ActiveCfg = Release|Any CPU
		{3BB9A97B-B7C4-474D-B29C-B04926FF0C8B}.Release|Any CPU.Build.0 = Release|Any CPU
		{6BEA74AC-941A-4DC6-A38D-46048A84E362}.Debug|Any CPU.ActiveCfg = Debug|Any CPU
		{6BEA74AC-941A-4DC6-A38D-46048A84E362}.Debug|Any CPU.Build.0 = Debug|Any CPU
		{6BEA74AC-941A-4DC6-A38D-46048A84E362}.Release|Any CPU.ActiveCfg = Release|Any CPU
		{6BEA74AC-941A-4DC6-A38D-46048A84E362}.Release|Any CPU.Build.0 = Release|Any CPU
		{3ACFA137-D9C1-4A1C-9A3B-6A60EB9B0183}.Debug|Any CPU.ActiveCfg = Debug|Any CPU
		{3ACFA137-D9C1-4A1C-9A3B-6A60EB9B0183}.Debug|Any CPU.Build.0 = Debug|Any CPU
		{3ACFA137-D9C1-4A1C-9A3B-6A60EB9B0183}.Release|Any CPU.ActiveCfg = Release|Any CPU
		{3ACFA137-D9C1-4A1C-9A3B-6A60EB9B0183}.Release|Any CPU.Build.0 = Release|Any CPU
		{143D5E16-735B-4185-9D29-791E25A5E904}.Debug|Any CPU.ActiveCfg = Debug|Any CPU
		{143D5E16-735B-4185-9D29-791E25A5E904}.Debug|Any CPU.Build.0 = Debug|Any CPU
		{143D5E16-735B-4185-9D29-791E25A5E904}.Release|Any CPU.ActiveCfg = Release|Any CPU
		{143D5E16-735B-4185-9D29-791E25A5E904}.Release|Any CPU.Build.0 = Release|Any CPU
	EndGlobalSection
	GlobalSection(NestedProjects) = preSolution
		{6EEED4F5-3E54-47FF-B321-376A0345E859} = {24421745-E1F0-4434-80E5-10A5A8D838D3}
		{9D8833D4-7675-44F5-BC1D-393B7621D82A} = {5CEC9791-48C2-46B8-9BE4-969F0C620CA7}
		{3BB9A97B-B7C4-474D-B29C-B04926FF0C8B} = {24421745-E1F0-4434-80E5-10A5A8D838D3}
		{6BEA74AC-941A-4DC6-A38D-46048A84E362} = {5CEC9791-48C2-46B8-9BE4-969F0C620CA7}
		{3ACFA137-D9C1-4A1C-9A3B-6A60EB9B0183} = {24421745-E1F0-4434-80E5-10A5A8D838D3}
		{143D5E16-735B-4185-9D29-791E25A5E904} = {5CEC9791-48C2-46B8-9BE4-969F0C620CA7}
	EndGlobalSection
EndGlobal
